
Microsoft Visual Studio Solution File, Format Version 12.00
# Visual Studio Version 16
VisualStudioVersion = 16.0.29920.165
MinimumVisualStudioVersion = 10.0.40219.1
Project("{8BC9CEB8-8B4A-11D0-8D11-00A0C91BC942}") = "SysProgAirPott2020B", "SysProgAirPott2020B.vcxproj", "{D1CB3FCB-FC5D-42C1-9B42-4FE9D1065E68}"
EndProject
Global
	GlobalSection(SolutionConfigurationPlatforms) = preSolution
		Debug|x64 = Debug|x64
		Debug|x86 = Debug|x86
		Release|x64 = Release|x64
		Release|x86 = Release|x86
	EndGlobalSection
	GlobalSection(ProjectConfigurationPlatforms) = postSolution
		{D1CB3FCB-FC5D-42C1-9B42-4FE9D1065E68}.Debug|x64.ActiveCfg = Debug|x64
		{D1CB3FCB-FC5D-42C1-9B42-4FE9D1065E68}.Debug|x64.Build.0 = Debug|x64
		{D1CB3FCB-FC5D-42C1-9B42-4FE9D1065E68}.Debug|x86.ActiveCfg = Debug|Win32
		{D1CB3FCB-FC5D-42C1-9B42-4FE9D1065E68}.Debug|x86.Build.0 = Debug|Win32
		{D1CB3FCB-FC5D-42C1-9B42-4FE9D1065E68}.Release|x64.ActiveCfg = Release|x64
		{D1CB3FCB-FC5D-42C1-9B42-4FE9D1065E68}.Release|x64.Build.0 = Release|x64
		{D1CB3FCB-FC5D-42C1-9B42-4FE9D1065E68}.Release|x86.ActiveCfg = Release|Win32
		{D1CB3FCB-FC5D-42C1-9B42-4FE9D1065E68}.Release|x86.Build.0 = Release|Win32
	EndGlobalSection
	GlobalSection(SolutionProperties) = preSolution
		HideSolutionNode = FALSE
	EndGlobalSection
	GlobalSection(ExtensibilityGlobals) = postSolution
		SolutionGuid = {C6B134D1-5F0A-4F34-AE7A-3658A2FA0A36}
	EndGlobalSection
EndGlobal
